PODS:
  - ChaihuLeftDrawer (0.0.1)
  - Expecta (1.0.6)
  - Specta (1.0.6)

DEPENDENCIES:
  - ChaihuLeftDrawer (from `../../ChaihuLeftDrawer`)
  - Expecta
  - Specta

EXTERNAL SOURCES:
  ChaihuLeftDrawer:
    :path: "../../ChaihuLeftDrawer"

SPEC CHECKSUMS:
  ChaihuLeftDrawer: decf0e35c24c20db41913bcd3bb036b52396c2fd
  Expecta: 3b6bd90a64b9a1dcb0b70aa0e10a7f8f631667d5
  Specta: f506f3a8361de16bc0dcf3b17b75e269072ba465

PODFILE CHECKSUM: 91a27639a4606b59edaaa8fa77abe5f2c5af1303

COCOAPODS: 1.1.1
